// !$*UTF8*$!
{
	archiveVersion = 1;
	classes = {
	};
	objectVersion = 56;
	objects = {

/* Begin PBXBuildFile section */
		14619E312C272167006B8DAD /* FeedViewController.swift in Sources */ = {isa = PBXBuildFile; fileRef = 14619E302C272167006B8DAD /* FeedViewController.swift */; };
		14619E332C272181006B8DAD /* UploadViewController.swift in Sources */ = {isa = PBXBuildFile; fileRef = 14619E322C272181006B8DAD /* UploadViewController.swift */; };
		14619E352C272199006B8DAD /* SettingsViewController.swift in Sources */ = {isa = PBXBuildFile; fileRef = 14619E342C272199006B8DAD /* SettingsViewController.swift */; };
		14619E372C276F52006B8DAD /* FeedCell.swift in Sources */ = {isa = PBXBuildFile; fileRef = 14619E362C276F52006B8DAD /* FeedCell.swift */; };
		14619E3A2C27817D006B8DAD /* SDWebImage in Frameworks */ = {isa = PBXBuildFile; productRef = 14619E392C27817D006B8DAD /* SDWebImage */; };
		14619E3C2C27817D006B8DAD /* SDWebImageMapKit in Frameworks */ = {isa = PBXBuildFile; productRef = 14619E3B2C27817D006B8DAD /* SDWebImageMapKit */; };
		14F17A0E2C2580600075AE16 /* AppDelegate.swift in Sources */ = {isa = PBXBuildFile; fileRef = 14F17A0D2C2580600075AE16 /* AppDelegate.swift */; };
		14F17A102C2580600075AE16 /* SceneDelegate.swift in Sources */ = {isa = PBXBuildFile; fileRef = 14F17A0F2C2580600075AE16 /* SceneDelegate.swift */; };
		14F17A122C2580600075AE16 /* ViewController.swift in Sources */ = {isa = PBXBuildFile; fileRef = 14F17A112C2580600075AE16 /* ViewController.swift */; };
		14F17A152C2580600075AE16 /* Base in Resources */ = {isa = PBXBuildFile; fileRef = 14F17A142C2580600075AE16 /* Base */; };
		14F17A172C2580610075AE16 /* Assets.xcassets in Resources */ = {isa = PBXBuildFile; fileRef = 14F17A162C2580610075AE16 /* Assets.xcassets */; };
		14F17A1A2C2580610075AE16 /* Base in Resources */ = {isa = PBXBuildFile; fileRef = 14F17A192C2580610075AE16 /* Base */; };
		14F17A222C2580D90075AE16 /* GoogleService-Info.plist in Resources */ = {isa = PBXBuildFile; fileRef = 14F17A212C2580D90075AE16 /* GoogleService-Info.plist */; };
		14F17A2E2C2582CD0075AE16 /* FirebaseAnalytics in Frameworks */ = {isa = PBXBuildFile; productRef = 14F17A2D2C2582CD0075AE16 /* FirebaseAnalytics */; };
		14F17A302C2582CD0075AE16 /* FirebaseAuth in Frameworks */ = {isa = PBXBuildFile; productRef = 14F17A2F2C2582CD0075AE16 /* FirebaseAuth */; };
		14F17A322C2582CD0075AE16 /* FirebaseFirestore in Frameworks */ = {isa = PBXBuildFile; productRef = 14F17A312C2582CD0075AE16 /* FirebaseFirestore */; };
		14F17A342C2582CD0075AE16 /* FirebaseStorage in Frameworks */ = {isa = PBXBuildFile; productRef = 14F17A332C2582CD0075AE16 /* FirebaseStorage */; };
/* End PBXBuildFile section */

/* Begin PBXFileReference section */
		14619E302C272167006B8DAD /* FeedViewController.swift */ = {isa = PBXFileReference; lastKnownFileType = sourcecode.swift; path = FeedViewController.swift; sourceTree = "<group>"; };
		14619E322C272181006B8DAD /* UploadViewController.swift */ = {isa = PBXFileReference; lastKnownFileType = sourcecode.swift; path = UploadViewController.swift; sourceTree = "<group>"; };
		14619E342C272199006B8DAD /* SettingsViewController.swift */ = {isa = PBXFileReference; lastKnownFileType = sourcecode.swift; path = SettingsViewController.swift; sourceTree = "<group>"; };
		14619E362C276F52006B8DAD /* FeedCell.swift */ = {isa = PBXFileReference; lastKnownFileType = sourcecode.swift; path = FeedCell.swift; sourceTree = "<group>"; };
		14F17A0A2C2580600075AE16 /* FirebaseInstaClone.app */ = {isa = PBXFileReference; explicitFileType = wrapper.application; includeInIndex = 0; path = FirebaseInstaClone.app; sourceTree = BUILT_PRODUCTS_DIR; };
		14F17A0D2C2580600075AE16 /* AppDelegate.swift */ = {isa = PBXFileReference; lastKnownFileType = sourcecode.swift; path = AppDelegate.swift; sourceTree = "<group>"; };
		14F17A0F2C2580600075AE16 /* SceneDelegate.swift */ = {isa = PBXFileReference; lastKnownFileType = sourcecode.swift; path = SceneDelegate.swift; sourceTree = "<group>"; };
		14F17A112C2580600075AE16 /* ViewController.swift */ = {isa = PBXFileReference; lastKnownFileType = sourcecode.swift; path = ViewController.swift; sourceTree = "<group>"; };
		14F17A142C2580600075AE16 /* Base */ = {isa = PBXFileReference; lastKnownFileType = file.storyboard; name = Base; path = Base.lproj/Main.storyboard; sourceTree = "<group>"; };
		14F17A162C2580610075AE16 /* Assets.xcassets */ = {isa = PBXFileReference; lastKnownFileType = folder.assetcatalog; path = Assets.xcassets; sourceTree = "<group>"; };
		14F17A192C2580610075AE16 /* Base */ = {isa = PBXFileReference; lastKnownFileType = file.storyboard; name = Base; path = Base.lproj/LaunchScreen.storyboard; sourceTree = "<group>"; };
		14F17A1B2C2580610075AE16 /* Info.plist */ = {isa = PBXFileReference; lastKnownFileType = text.plist.xml; path = Info.plist; sourceTree = "<group>"; };
		14F17A212C2580D90075AE16 /* GoogleService-Info.plist */ = {isa = PBXFileReference; fileEncoding = 4; lastKnownFileType = text.plist.xml; path = "GoogleService-Info.plist"; sourceTree = "<group>"; };
/* End PBXFileReference section */

/* Begin PBXFrameworksBuildPhase section */
		14F17A072C2580600075AE16 /* Frameworks */ = {
			isa = PBXFrameworksBuildPhase;
			buildActionMask = 2147483647;
			files = (
				14F17A2E2C2582CD0075AE16 /* FirebaseAnalytics in Frameworks */,
				14F17A342C2582CD0075AE16 /* FirebaseStorage in Frameworks */,
				14F17A302C2582CD0075AE16 /* FirebaseAuth in Frameworks */,
				14F17A322C2582CD0075AE16 /* FirebaseFirestore in Frameworks */,
				14619E3C2C27817D006B8DAD /* SDWebImageMapKit in Frameworks */,
				14619E3A2C27817D006B8DAD /* SDWebImage in Frameworks */,
			);
			runOnlyForDeploymentPostprocessing = 0;
		};
/* End PBXFrameworksBuildPhase section */

/* Begin PBXGroup section */
		14F17A012C2580600075AE16 = {
			isa = PBXGroup;
			children = (
				14F17A0C2C2580600075AE16 /* FirebaseInstaClone */,
				14F17A0B2C2580600075AE16 /* Products */,
				14F17A2C2C2582CD0075AE16 /* Frameworks */,
			);
			sourceTree = "<group>";
		};
		14F17A0B2C2580600075AE16 /* Products */ = {
			isa = PBXGroup;
			children = (
				14F17A0A2C2580600075AE16 /* FirebaseInstaClone.app */,
			);
			name = Products;
			sourceTree = "<group>";
		};
		14F17A0C2C2580600075AE16 /* FirebaseInstaClone */ = {
			isa = PBXGroup;
			children = (
				14F17A0D2C2580600075AE16 /* AppDelegate.swift */,
				14F17A0F2C2580600075AE16 /* SceneDelegate.swift */,
				14619E322C272181006B8DAD /* UploadViewController.swift */,
				14619E302C272167006B8DAD /* FeedViewController.swift */,
				14F17A112C2580600075AE16 /* ViewController.swift */,
				14619E362C276F52006B8DAD /* FeedCell.swift */,
				14F17A132C2580600075AE16 /* Main.storyboard */,
				14F17A162C2580610075AE16 /* Assets.xcassets */,
				14F17A182C2580610075AE16 /* LaunchScreen.storyboard */,
				14F17A1B2C2580610075AE16 /* Info.plist */,
				14F17A212C2580D90075AE16 /* GoogleService-Info.plist */,
				14619E342C272199006B8DAD /* SettingsViewController.swift */,
			);
			path = FirebaseInstaClone;
			sourceTree = "<group>";
		};
		14F17A2C2C2582CD0075AE16 /* Frameworks */ = {
			isa = PBXGroup;
			children = (
			);
			name = Frameworks;
			sourceTree = "<group>";
		};
/* End PBXGroup section */

/* Begin PBXNativeTarget section */
		14F17A092C2580600075AE16 /* FirebaseInstaClone */ = {
			isa = PBXNativeTarget;
			buildConfigurationList = 14F17A1E2C2580610075AE16 /* Build configuration list for PBXNativeTarget "FirebaseInstaClone" */;
			buildPhases = (
				14F17A062C2580600075AE16 /* Sources */,
				14F17A072C2580600075AE16 /* Frameworks */,
				14F17A082C2580600075AE16 /* Resources */,
			);
			buildRules = (
			);
			dependencies = (
			);
			name = FirebaseInstaClone;
			packageProductDependencies = (
				14F17A2D2C2582CD0075AE16 /* FirebaseAnalytics */,
				14F17A2F2C2582CD0075AE16 /* FirebaseAuth */,
				14F17A312C2582CD0075AE16 /* FirebaseFirestore */,
				14F17A332C2582CD0075AE16 /* FirebaseStorage */,
				14619E392C27817D006B8DAD /* SDWebImage */,
				14619E3B2C27817D006B8DAD /* SDWebImageMapKit */,
			);
			productName = FirebaseInstaClone;
			productReference = 14F17A0A2C2580600075AE16 /* FirebaseInstaClone.app */;
			productType = "com.apple.product-type.application";
		};
/* End PBXNativeTarget section */

/* Begin PBXProject section */
		14F17A022C2580600075AE16 /* Project object */ = {
			isa = PBXProject;
			attributes = {
				BuildIndependentTargetsInParallel = 1;
				LastSwiftUpdateCheck = 1530;
				LastUpgradeCheck = 1530;
				TargetAttributes = {
					14F17A092C2580600075AE16 = {
						CreatedOnToolsVersion = 15.3;
					};
				};
			};
			buildConfigurationList = 14F17A052C2580600075AE16 /* Build configuration list for PBXProject "FirebaseInstaClone" */;
			compatibilityVersion = "Xcode 14.0";
			developmentRegion = en;
			hasScannedForEncodings = 0;
			knownRegions = (
				en,
				Base,
			);
			mainGroup = 14F17A012C2580600075AE16;
			packageReferences = (
				14F17A232C2581F00075AE16 /* XCRemoteSwiftPackageReference "firebase-ios-sdk" */,
				14619E382C27817D006B8DAD /* XCRemoteSwiftPackageReference "SDWebImage" */,
			);
			productRefGroup = 14F17A0B2C2580600075AE16 /* Products */;
			projectDirPath = "";
			projectRoot = "";
			targets = (
				14F17A092C2580600075AE16 /* FirebaseInstaClone */,
			);
		};
/* End PBXProject section */

/* Begin PBXResourcesBuildPhase section */
		14F17A082C2580600075AE16 /* Resources */ = {
			isa = PBXResourcesBuildPhase;
			buildActionMask = 2147483647;
			files = (
				14F17A172C2580610075AE16 /* Assets.xcassets in Resources */,
				14F17A222C2580D90075AE16 /* GoogleService-Info.plist in Resources */,
				14F17A1A2C2580610075AE16 /* Base in Resources */,
				14F17A152C2580600075AE16 /* Base in Resources */,
			);
			runOnlyForDeploymentPostprocessing = 0;
		};
/* End PBXResourcesBuildPhase section */

/* Begin PBXSourcesBuildPhase section */
		14F17A062C2580600075AE16 /* Sources */ = {
			isa = PBXSourcesBuildPhase;
			buildActionMask = 2147483647;
			files = (
				14619E372C276F52006B8DAD /* FeedCell.swift in Sources */,
				14F17A122C2580600075AE16 /* ViewController.swift in Sources */,
				14619E332C272181006B8DAD /* UploadViewController.swift in Sources */,
				14F17A0E2C2580600075AE16 /* AppDelegate.swift in Sources */,
				14619E312C272167006B8DAD /* FeedViewController.swift in Sources */,
				14F17A102C2580600075AE16 /* SceneDelegate.swift in Sources */,
				14619E352C272199006B8DAD /* SettingsViewController.swift in Sources */,
			);
			runOnlyForDeploymentPostprocessing = 0;
		};
/* End PBXSourcesBuildPhase section */

/* Begin PBXVariantGroup section */
		14F17A132C2580600075AE16 /* Main.storyboard */ = {
			isa = PBXVariantGroup;
			children = (
				14F17A142C2580600075AE16 /* Base */,
			);
			name = Main.storyboard;
			sourceTree = "<group>";
		};
		14F17A182C2580610075AE16 /* LaunchScreen.storyboard */ = {
			isa = PBXVariantGroup;
			children = (
				14F17A192C2580610075AE16 /* Base */,
			);
			name = LaunchScreen.storyboard;
			sourceTree = "<group>";
		};
/* End PBXVariantGroup section */

/* Begin XCBuildConfiguration section */
		14F17A1C2C2580610075AE16 /* Debug */ = {
			isa = XCBuildConfiguration;
			buildSettings = {
				ALWAYS_SEARCH_USER_PATHS = NO;
				ASSETCATALOG_COMPILER_GENERATE_SWIFT_ASSET_SYMBOL_EXTENSIONS = YES;
				CLANG_ANALYZER_NONNULL = YES;
				CLANG_ANALYZER_NUMBER_OBJECT_CONVERSION = YES_AGGRESSIVE;
				CLANG_CXX_LANGUAGE_STANDARD = "gnu++20";
				CLANG_ENABLE_MODULES = YES;
				CLANG_ENABLE_OBJC_ARC = YES;
				CLANG_ENABLE_OBJC_WEAK = YES;
				CLANG_WARN_BLOCK_CAPTURE_AUTORELEASING = YES;
				CLANG_WARN_BOOL_CONVERSION = YES;
				CLANG_WARN_COMMA = YES;
				CLANG_WARN_CONSTANT_CONVERSION = YES;
				CLANG_WARN_DEPRECATED_OBJC_IMPLEMENTATIONS = YES;
				CLANG_WARN_DIRECT_OBJC_ISA_USAGE = YES_ERROR;
				CLANG_WARN_DOCUMENTATION_COMMENTS = YES;
				CLANG_WARN_EMPTY_BODY = YES;
				CLANG_WARN_ENUM_CONVERSION = YES;
				CLANG_WARN_INFINITE_RECURSION = YES;
				CLANG_WARN_INT_CONVERSION = YES;
				CLANG_WARN_NON_LITERAL_NULL_CONVERSION = YES;
				CLANG_WARN_OBJC_IMPLICIT_RETAIN_SELF = YES;
				CLANG_WARN_OBJC_LITERAL_CONVERSION = YES;
				CLANG_WARN_OBJC_ROOT_CLASS = YES_ERROR;
				CLANG_WARN_QUOTED_INCLUDE_IN_FRAMEWORK_HEADER = YES;
				CLANG_WARN_RANGE_LOOP_ANALYSIS = YES;
				CLANG_WARN_STRICT_PROTOTYPES = YES;
				CLANG_WARN_SUSPICIOUS_MOVE = YES;
				CLANG_WARN_UNGUARDED_AVAILABILITY = YES_AGGRESSIVE;
				CLANG_WARN_UNREACHABLE_CODE = YES;
				CLANG_WARN__DUPLICATE_METHOD_MATCH = YES;
				COPY_PHASE_STRIP = NO;
				DEBUG_INFORMATION_FORMAT = dwarf;
				ENABLE_STRICT_OBJC_MSGSEND = YES;
				ENABLE_TESTABILITY = YES;
				ENABLE_USER_SCRIPT_SANDBOXING = YES;
				GCC_C_LANGUAGE_STANDARD = gnu17;
				GCC_DYNAMIC_NO_PIC = NO;
				GCC_NO_COMMON_BLOCKS = YES;
				GCC_OPTIMIZATION_LEVEL = 0;
				GCC_PREPROCESSOR_DEFINITIONS = (
					"DEBUG=1",
					"$(inherited)",
				);
				GCC_WARN_64_TO_32_BIT_CONVERSION = YES;
				GCC_WARN_ABOUT_RETURN_TYPE = YES_ERROR;
				GCC_WARN_UNDECLARED_SELECTOR = YES;
				GCC_WARN_UNINITIALIZED_AUTOS = YES_AGGRESSIVE;
				GCC_WARN_UNUSED_FUNCTION = YES;
				GCC_WARN_UNUSED_VARIABLE = YES;
				IPHONEOS_DEPLOYMENT_TARGET = 17.4;
				LOCALIZATION_PREFERS_STRING_CATALOGS = YES;
				MTL_ENABLE_DEBUG_INFO = INCLUDE_SOURCE;
				MTL_FAST_MATH = YES;
				ONLY_ACTIVE_ARCH = YES;
				SDKROOT = iphoneos;
				SWIFT_ACTIVE_COMPILATION_CONDITIONS = "DEBUG $(inherited)";
				SWIFT_OPTIMIZATION_LEVEL = "-Onone";
			};
			name = Debug;
		};
		14F17A1D2C2580610075AE16 /* Release */ = {
			isa = XCBuildConfiguration;
			buildSettings = {
				ALWAYS_SEARCH_USER_PATHS = NO;
				ASSETCATALOG_COMPILER_GENERATE_SWIFT_ASSET_SYMBOL_EXTENSIONS = YES;
				CLANG_ANALYZER_NONNULL = YES;
				CLANG_ANALYZER_NUMBER_OBJECT_CONVERSION = YES_AGGRESSIVE;
				CLANG_CXX_LANGUAGE_STANDARD = "gnu++20";
				CLANG_ENABLE_MODULES = YES;
				CLANG_ENABLE_OBJC_ARC = YES;
				CLANG_ENABLE_OBJC_WEAK = YES;
				CLANG_WARN_BLOCK_CAPTURE_AUTORELEASING = YES;
				CLANG_WARN_BOOL_CONVERSION = YES;
				CLANG_WARN_COMMA = YES;
				CLANG_WARN_CONSTANT_CONVERSION = YES;
				CLANG_WARN_DEPRECATED_OBJC_IMPLEMENTATIONS = YES;
				CLANG_WARN_DIRECT_OBJC_ISA_USAGE = YES_ERROR;
				CLANG_WARN_DOCUMENTATION_COMMENTS = YES;
				CLANG_WARN_EMPTY_BODY = YES;
				CLANG_WARN_ENUM_CONVERSION = YES;
				CLANG_WARN_INFINITE_RECURSION = YES;
				CLANG_WARN_INT_CONVERSION = YES;
				CLANG_WARN_NON_LITERAL_NULL_CONVERSION = YES;
				CLANG_WARN_OBJC_IMPLICIT_RETAIN_SELF = YES;
				CLANG_WARN_OBJC_LITERAL_CONVERSION = YES;
				CLANG_WARN_OBJC_ROOT_CLASS = YES_ERROR;
				CLANG_WARN_QUOTED_INCLUDE_IN_FRAMEWORK_HEADER = YES;
				CLANG_WARN_RANGE_LOOP_ANALYSIS = YES;
				CLANG_WARN_STRICT_PROTOTYPES = YES;
				CLANG_WARN_SUSPICIOUS_MOVE = YES;
				CLANG_WARN_UNGUARDED_AVAILABILITY = YES_AGGRESSIVE;
				CLANG_WARN_UNREACHABLE_CODE = YES;
				CLANG_WARN__DUPLICATE_METHOD_MATCH = YES;
				COPY_PHASE_STRIP = NO;
				DEBUG_INFORMATION_FORMAT = "dwarf-with-dsym";
				ENABLE_NS_ASSERTIONS = NO;
				ENABLE_STRICT_OBJC_MSGSEND = YES;
				ENABLE_USER_SCRIPT_SANDBOXING = YES;
				GCC_C_LANGUAGE_STANDARD = gnu17;
				GCC_NO_COMMON_BLOCKS = YES;
				GCC_WARN_64_TO_32_BIT_CONVERSION = YES;
				GCC_WARN_ABOUT_RETURN_TYPE = YES_ERROR;
				GCC_WARN_UNDECLARED_SELECTOR = YES;
				GCC_WARN_UNINITIALIZED_AUTOS = YES_AGGRESSIVE;
				GCC_WARN_UNUSED_FUNCTION = YES;
				GCC_WARN_UNUSED_VARIABLE = YES;
				IPHONEOS_DEPLOYMENT_TARGET = 17.4;
				LOCALIZATION_PREFERS_STRING_CATALOGS = YES;
				MTL_ENABLE_DEBUG_INFO = NO;
				MTL_FAST_MATH = YES;
				SDKROOT = iphoneos;
				SWIFT_COMPILATION_MODE = wholemodule;
				VALIDATE_PRODUCT = YES;
			};
			name = Release;
		};
		14F17A1F2C2580610075AE16 /* Debug */ = {
			isa = XCBuildConfiguration;
			buildSettings = {
				ASSETCATALOG_COMPILER_APPICON_NAME = AppIcon;
				ASSETCATALOG_COMPILER_GLOBAL_ACCENT_COLOR_NAME = AccentColor;
				CODE_SIGN_STYLE = Automatic;
				CURRENT_PROJECT_VERSION = 1;
				DEVELOPMENT_TEAM = VQVHZCW39Y;
				GENERATE_INFOPLIST_FILE = YES;
				INFOPLIST_FILE = FirebaseInstaClone/Info.plist;
				INFOPLIST_KEY_UIApplicationSupportsIndirectInputEvents = YES;
				INFOPLIST_KEY_UILaunchStoryboardName = LaunchScreen;
				INFOPLIST_KEY_UIMainStoryboardFile = Main;
				INFOPLIST_KEY_UISupportedInterfaceOrientations_iPad = "UIInterfaceOrientationPortrait UIInterfaceOrientationPortraitUpsideDown UIInterfaceOrientationLandscapeLeft UIInterfaceOrientationLandscapeRight";
				INFOPLIST_KEY_UISupportedInterfaceOrientations_iPhone = "UIInterfaceOrientationPortrait UIInterfaceOrientationLandscapeLeft UIInterfaceOrientationLandscapeRight";
				LD_RUNPATH_SEARCH_PATHS = (
					"$(inherited)",
					"@executable_path/Frameworks",
				);
				MARKETING_VERSION = 1.0;
				PRODUCT_BUNDLE_IDENTIFIER = com.devast.FirebaseInstaClone;
				PRODUCT_NAME = "$(TARGET_NAME)";
				SWIFT_EMIT_LOC_STRINGS = YES;
				SWIFT_VERSION = 5.0;
				TARGETED_DEVICE_FAMILY = "1,2";
			};
			name = Debug;
		};
		14F17A202C2580610075AE16 /* Release */ = {
			isa = XCBuildConfiguration;
			buildSettings = {
				ASSETCATALOG_COMPILER_APPICON_NAME = AppIcon;
				ASSETCATALOG_COMPILER_GLOBAL_ACCENT_COLOR_NAME = AccentColor;
				CODE_SIGN_STYLE = Automatic;
				CURRENT_PROJECT_VERSION = 1;
				DEVELOPMENT_TEAM = VQVHZCW39Y;
				GENERATE_INFOPLIST_FILE = YES;
				INFOPLIST_FILE = FirebaseInstaClone/Info.plist;
				INFOPLIST_KEY_UIApplicationSupportsIndirectInputEvents = YES;
				INFOPLIST_KEY_UILaunchStoryboardName = LaunchScreen;
				INFOPLIST_KEY_UIMainStoryboardFile = Main;
				INFOPLIST_KEY_UISupportedInterfaceOrientations_iPad = "UIInterfaceOrientationPortrait UIInterfaceOrientationPortraitUpsideDown UIInterfaceOrientationLandscapeLeft UIInterfaceOrientationLandscapeRight";
				INFOPLIST_KEY_UISupportedInterfaceOrientations_iPhone = "UIInterfaceOrientationPortrait UIInterfaceOrientationLandscapeLeft UIInterfaceOrientationLandscapeRight";
				LD_RUNPATH_SEARCH_PATHS = (
					"$(inherited)",
					"@executable_path/Frameworks",
				);
				MARKETING_VERSION = 1.0;
				PRODUCT_BUNDLE_IDENTIFIER = com.devast.FirebaseInstaClone;
				PRODUCT_NAME = "$(TARGET_NAME)";
				SWIFT_EMIT_LOC_STRINGS = YES;
				SWIFT_VERSION = 5.0;
				TARGETED_DEVICE_FAMILY = "1,2";
			};
			name = Release;
		};
/* End XCBuildConfiguration section */

/* Begin XCConfigurationList section */
		14F17A052C2580600075AE16 /* Build configuration list for PBXProject "FirebaseInstaClone" */ = {
			isa = XCConfigurationList;
			buildConfigurations = (
				14F17A1C2C2580610075AE16 /* Debug */,
				14F17A1D2C2580610075AE16 /* Release */,
			);
			defaultConfigurationIsVisible = 0;
			defaultConfigurationName = Release;
		};
		14F17A1E2C2580610075AE16 /* Build configuration list for PBXNativeTarget "FirebaseInstaClone" */ = {
			isa = XCConfigurationList;
			buildConfigurations = (
				14F17A1F2C2580610075AE16 /* Debug */,
				14F17A202C2580610075AE16 /* Release */,
			);
			defaultConfigurationIsVisible = 0;
			defaultConfigurationName = Release;
		};
/* End XCConfigurationList section */

/* Begin XCRemoteSwiftPackageReference section */
		14619E382C27817D006B8DAD /* XCRemoteSwiftPackageReference "SDWebImage" */ = {
			isa = XCRemoteSwiftPackageReference;
			repositoryURL = "https://github.com/SDWebImage/SDWebImage.git";
			requirement = {
				kind = upToNextMajorVersion;
				minimumVersion = 5.19.3;
			};
		};
		14F17A232C2581F00075AE16 /* XCRemoteSwiftPackageReference "firebase-ios-sdk" */ = {
			isa = XCRemoteSwiftPackageReference;
			repositoryURL = "https://github.com/firebase/firebase-ios-sdk";
			requirement = {
				kind = upToNextMajorVersion;
				minimumVersion = 10.28.0;
			};
		};
/* End XCRemoteSwiftPackageReference section */

/* Begin XCSwiftPackageProductDependency section */
		14619E392C27817D006B8DAD /* SDWebImage */ = {
			isa = XCSwiftPackageProductDependency;
			package = 14619E382C27817D006B8DAD /* XCRemoteSwiftPackageReference "SDWebImage" */;
			productName = SDWebImage;
		};
		14619E3B2C27817D006B8DAD /* SDWebImageMapKit */ = {
			isa = XCSwiftPackageProductDependency;
			package = 14619E382C27817D006B8DAD /* XCRemoteSwiftPackageReference "SDWebImage" */;
			productName = SDWebImageMapKit;
		};
		14F17A2D2C2582CD0075AE16 /* FirebaseAnalytics */ = {
			isa = XCSwiftPackageProductDependency;
			package = 14F17A232C2581F00075AE16 /* XCRemoteSwiftPackageReference "firebase-ios-sdk" */;
			productName = FirebaseAnalytics;
		};
		14F17A2F2C2582CD0075AE16 /* FirebaseAuth */ = {
			isa = XCSwiftPackageProductDependency;
			package = 14F17A232C2581F00075AE16 /* XCRemoteSwiftPackageReference "firebase-ios-sdk" */;
			productName = FirebaseAuth;
		};
		14F17A312C2582CD0075AE16 /* FirebaseFirestore */ = {
			isa = XCSwiftPackageProductDependency;
			package = 14F17A232C2581F00075AE16 /* XCRemoteSwiftPackageReference "firebase-ios-sdk" */;
			productName = FirebaseFirestore;
		};
		14F17A332C2582CD0075AE16 /* FirebaseStorage */ = {
			isa = XCSwiftPackageProductDependency;
			package = 14F17A232C2581F00075AE16 /* XCRemoteSwiftPackageReference "firebase-ios-sdk" */;
			productName = FirebaseStorage;
		};
/* End XCSwiftPackageProductDependency section */
	};
	rootObject = 14F17A022C2580600075AE16 /* Project object */;
}
